
Microsoft Visual Studio Solution File, Format Version 12.00
# Visual Studio 15
VisualStudioVersion = 15.0.34930.48
MinimumVisualStudioVersion = 10.0.40219.1
Project("{FAE04EC0-301F-11D3-BF4B-00C04F79EFBC}") = "ADO.NET", "ADO.NET\ADO.NET.csproj", "{AFCEF14F-7716-4A38-99FD-45D7BEB72457}"
EndProject
Project("{FAE04EC0-301F-11D3-BF4B-00C04F79EFBC}") = "MoviesConnector", "MoviesConnector\MoviesConnector.csproj", "{87720BBE-7427-4D40-B2F6-A8FB7F168611}"
EndProject
Project("{FAE04EC0-301F-11D3-BF4B-00C04F79EFBC}") = "Academy", "Academy\Academy.csproj", "{5753F59C-D868-4DDC-8744-2622A7D95AB9}"
EndProject
Project("{FAE04EC0-301F-11D3-BF4B-00C04F79EFBC}") = "DataSet", "DataSet\DataSet.csproj", "{477AD50D-B102-45A3-9666-DA4DB17EE129}"
EndProject
Global
	GlobalSection(SolutionConfigurationPlatforms) = preSolution
		Debug|Any CPU = Debug|Any CPU
		Release|Any CPU = Release|Any CPU
	EndGlobalSection
	GlobalSection(ProjectConfigurationPlatforms) = postSolution
		{AFCEF14F-7716-4A38-99FD-45D7BEB72457}.Debug|Any CPU.ActiveCfg = Debug|Any CPU
		{AFCEF14F-7716-4A38-99FD-45D7BEB72457}.Debug|Any CPU.Build.0 = Debug|Any CPU
		{AFCEF14F-7716-4A38-99FD-45D7BEB72457}.Release|Any CPU.ActiveCfg = Release|Any CPU
		{AFCEF14F-7716-4A38-99FD-45D7BEB72457}.Release|Any CPU.Build.0 = Release|Any CPU
		{87720BBE-7427-4D40-B2F6-A8FB7F168611}.Debug|Any CPU.ActiveCfg = Debug|Any CPU
		{87720BBE-7427-4D40-B2F6-A8FB7F168611}.Debug|Any CPU.Build.0 = Debug|Any CPU
		{87720BBE-7427-4D40-B2F6-A8FB7F168611}.Release|Any CPU.ActiveCfg = Release|Any CPU
		{87720BBE-7427-4D40-B2F6-A8FB7F168611}.Release|Any CPU.Build.0 = Release|Any CPU
		{5753F59C-D868-4DDC-8744-2622A7D95AB9}.Debug|Any CPU.ActiveCfg = Debug|Any CPU
		{5753F59C-D868-4DDC-8744-2622A7D95AB9}.Debug|Any CPU.Build.0 = Debug|Any CPU
		{5753F59C-D868-4DDC-8744-2622A7D95AB9}.Release|Any CPU.ActiveCfg = Release|Any CPU
		{5753F59C-D868-4DDC-8744-2622A7D95AB9}.Release|Any CPU.Build.0 = Release|Any CPU
		{477AD50D-B102-45A3-9666-DA4DB17EE129}.Debug|Any CPU.ActiveCfg = Debug|Any CPU
		{477AD50D-B102-45A3-9666-DA4DB17EE129}.Debug|Any CPU.Build.0 = Debug|Any CPU
		{477AD50D-B102-45A3-9666-DA4DB17EE129}.Release|Any CPU.ActiveCfg = Release|Any CPU
		{477AD50D-B102-45A3-9666-DA4DB17EE129}.Release|Any CPU.Build.0 = Release|Any CPU
	EndGlobalSection
	GlobalSection(SolutionProperties) = preSolution
		HideSolutionNode = FALSE
	EndGlobalSection
	GlobalSection(ExtensibilityGlobals) = postSolution
		SolutionGuid = {8B909ECB-19C7-4A67-A1BC-FC7677F20707}
	EndGlobalSection
EndGlobal
